
Microsoft Visual Studio Solution File, Format Version 12.00
# Visual Studio 14
VisualStudioVersion = 14.0.25420.1
MinimumVisualStudioVersion = 10.0.40219.1
Project("{FAE04EC0-301F-11D3-BF4B-00C04F79EFBC}") = "AMSExplorer", "AMSExplorer\AMSExplorer.csproj", "{67573AA5-0316-4C90-8CE4-93A950CD0A86}"
EndProject
Global
	GlobalSection(SolutionConfigurationPlatforms) = preSolution
		CD_ROM|Any CPU = CD_ROM|Any CPU
		Debug|Any CPU = Debug|Any CPU
		DVD-5|Any CPU = DVD-5|Any CPU
		Release|Any CPU = Release|Any CPU
		SingleImage|Any CPU = SingleImage|Any CPU
	EndGlobalSection
	GlobalSection(ProjectConfigurationPlatforms) = postSolution
		{67573AA5-0316-4C90-8CE4-93A950CD0A86}.CD_ROM|Any CPU.ActiveCfg = Release|Any CPU
		{67573AA5-0316-4C90-8CE4-93A950CD0A86}.CD_ROM|Any CPU.Build.0 = Release|Any CPU
		{67573AA5-0316-4C90-8CE4-93A950CD0A86}.Debug|Any CPU.ActiveCfg = Debug|Any CPU
		{67573AA5-0316-4C90-8CE4-93A950CD0A86}.Debug|Any CPU.Build.0 = Debug|Any CPU
		{67573AA5-0316-4C90-8CE4-93A950CD0A86}.DVD-5|Any CPU.ActiveCfg = Debug|Any CPU
		{67573AA5-0316-4C90-8CE4-93A950CD0A86}.DVD-5|Any CPU.Build.0 = Debug|Any CPU
		{67573AA5-0316-4C90-8CE4-93A950CD0A86}.Release|Any CPU.ActiveCfg = Release|Any CPU
		{67573AA5-0316-4C90-8CE4-93A950CD0A86}.Release|Any CPU.Build.0 = Release|Any CPU
		{67573AA5-0316-4C90-8CE4-93A950CD0A86}.SingleImage|Any CPU.ActiveCfg = Release|Any CPU
		{67573AA5-0316-4C90-8CE4-93A950CD0A86}.SingleImage|Any CPU.Build.0 = Release|Any CPU
	EndGlobalSection
	GlobalSection(SolutionProperties) = preSolution
		HideSolutionNode = FALSE
	EndGlobalSection
	GlobalSection(ExtensibilityGlobals) = postSolution
		EnterpriseLibraryConfigurationToolBinariesPath = packages\TransientFaultHandling.Core.5.1.1209.1\lib\NET4
	EndGlobalSection
EndGlobal
